
Microsoft Visual Studio Solution File, Format Version 12.00
# Visual Studio Version 16
VisualStudioVersion = 16.0.30804.86
MinimumVisualStudioVersion = 10.0.40219.1
Project("{9A19103F-16F7-4668-BE54-9A1E7A4F7556}") = "OperacoesBancarias-DIO", "TransfBancarias-DIO\OperacoesBancarias-DIO.csproj", "{BC7627B9-9F24-45E7-8ECB-F401B57547F5}"
EndProject
Global
	GlobalSection(SolutionConfigurationPlatforms) = preSolution
		Debug|Any CPU = Debug|Any CPU
		Release|Any CPU = Release|Any CPU
	EndGlobalSection
	GlobalSection(ProjectConfigurationPlatforms) = postSolution
		{BC7627B9-9F24-45E7-8ECB-F401B57547F5}.Debug|Any CPU.ActiveCfg = Debug|Any CPU
		{BC7627B9-9F24-45E7-8ECB-F401B57547F5}.Debug|Any CPU.Build.0 = Debug|Any CPU
		{BC7627B9-9F24-45E7-8ECB-F401B57547F5}.Release|Any CPU.ActiveCfg = Release|Any CPU
		{BC7627B9-9F24-45E7-8ECB-F401B57547F5}.Release|Any CPU.Build.0 = Release|Any CPU
	EndGlobalSection
	GlobalSection(SolutionProperties) = preSolution
		HideSolutionNode = FALSE
	EndGlobalSection
	GlobalSection(ExtensibilityGlobals) = postSolution
		SolutionGuid = {698B4896-B109-4B5A-9FC1-946CECEC8D22}
	EndGlobalSection
EndGlobal
